
Microsoft Visual Studio Solution File, Format Version 12.00
# Visual Studio Version 16
VisualStudioVersion = 16.0.31205.134
MinimumVisualStudioVersion = 10.0.40219.1
Project("{9A19103F-16F7-4668-BE54-9A1E7A4F7556}") = "Yoakke.Collections", "Yoakke.Collections\Yoakke.Collections.csproj", "{4896B9FB-A0F2-4886-850C-4943BC374EAF}"
EndProject
Project("{9A19103F-16F7-4668-BE54-9A1E7A4F7556}") = "Yoakke.Collections.Tests", "Yoakke.Collections.Tests\Yoakke.Collections.Tests.csproj", "{8251D600-353B-4CDA-853E-51ABCAF94735}"
EndProject
Global
	GlobalSection(SolutionConfigurationPlatforms) = preSolution
		Debug|Any CPU = Debug|Any CPU
		Release|Any CPU = Release|Any CPU
	EndGlobalSection
	GlobalSection(ProjectConfigurationPlatforms) = postSolution
		{4896B9FB-A0F2-4886-850C-4943BC374EAF}.Debug|Any CPU.ActiveCfg = Debug|Any CPU
		{4896B9FB-A0F2-4886-850C-4943BC374EAF}.Debug|Any CPU.Build.0 = Debug|Any CPU
		{4896B9FB-A0F2-4886-850C-4943BC374EAF}.Release|Any CPU.ActiveCfg = Release|Any CPU
		{4896B9FB-A0F2-4886-850C-4943BC374EAF}.Release|Any CPU.Build.0 = Release|Any CPU
		{8251D600-353B-4CDA-853E-51ABCAF94735}.Debug|Any CPU.ActiveCfg = Debug|Any CPU
		{8251D600-353B-4CDA-853E-51ABCAF94735}.Debug|Any CPU.Build.0 = Debug|Any CPU
		{8251D600-353B-4CDA-853E-51ABCAF94735}.Release|Any CPU.ActiveCfg = Release|Any CPU
		{8251D600-353B-4CDA-853E-51ABCAF94735}.Release|Any CPU.Build.0 = Release|Any CPU
	EndGlobalSection
	GlobalSection(SolutionProperties) = preSolution
		HideSolutionNode = FALSE
	EndGlobalSection
	GlobalSection(ExtensibilityGlobals) = postSolution
		SolutionGuid = {1EDE8F07-AE3A-4556-AEF0-3AC518F18F92}
	EndGlobalSection
EndGlobal
