
Microsoft Visual Studio Solution File, Format Version 12.00
# Visual Studio Version 16
VisualStudioVersion = 16.0.31205.134
MinimumVisualStudioVersion = 10.0.40219.1
Project("{9A19103F-16F7-4668-BE54-9A1E7A4F7556}") = "Yoakke.Collections", "Yoakke.Collections\Yoakke.Collections.csproj", "{4896B9FB-A0F2-4886-850C-4943BC374EAF}"
EndProject
Project("{9A19103F-16F7-4668-BE54-9A1E7A4F7556}") = "Yoakke.Collections.Tests", "Yoakke.Collections.Tests\Yoakke.Collections.Tests.csproj", "{8251D600-353B-4CDA-853E-51ABCAF94735}"
EndProject
Project("{9A19103F-16F7-4668-BE54-9A1E7A4F7556}") = "Yoakke.Lexer", "Yoakke.Lexer\Yoakke.Lexer.csproj", "{36D85E41-4CB1-4198-8248-05A30082F0F2}"
EndProject
Project("{9A19103F-16F7-4668-BE54-9A1E7A4F7556}") = "Yoakke.Lexer.Generator", "Yoakke.Lexer.Generator\Yoakke.Lexer.Generator.csproj", "{CB252735-C1B6-4F6E-8299-A552069FDBE6}"
EndProject
Project("{9A19103F-16F7-4668-BE54-9A1E7A4F7556}") = "Yoakke.Lexer.Tests", "Yoakke.Lexer.Tests\Yoakke.Lexer.Tests.csproj", "{A76E877C-B326-4B66-A9CF-53515538773A}"
EndProject
Project("{9A19103F-16F7-4668-BE54-9A1E7A4F7556}") = "Yoakke.Text", "Yoakke.Text\Yoakke.Text.csproj", "{1B5BA09D-B866-4C63-A1B2-54FE7F409CCE}"
EndProject
Project("{9A19103F-16F7-4668-BE54-9A1E7A4F7556}") = "Yoakke.Parser", "Yoakke.Parser\Yoakke.Parser.csproj", "{4E6DC779-3A18-4360-B289-02E68757F6EB}"
EndProject
Project("{9A19103F-16F7-4668-BE54-9A1E7A4F7556}") = "Yoakke.Parser.Generator", "Yoakke.Parser.Generator\Yoakke.Parser.Generator.csproj", "{7E7BC74B-EB71-45F1-92B0-AA53F546EB18}"
EndProject
Project("{9A19103F-16F7-4668-BE54-9A1E7A4F7556}") = "Yoakke.Parser.Tests", "Yoakke.Parser.Tests\Yoakke.Parser.Tests.csproj", "{266FD9F8-E6E6-4D4D-A2C8-BA250E480E0E}"
EndProject
Project("{9A19103F-16F7-4668-BE54-9A1E7A4F7556}") = "Yoakke.SourceGenerator.Common", "Yoakke.SourceGenerator.Common\Yoakke.SourceGenerator.Common.csproj", "{BEFA414D-D649-402A-8DD1-4F9A1F9558F2}"
EndProject
Project("{FAE04EC0-301F-11D3-BF4B-00C04F79EFBC}") = "Yoakke.Lexer.Sample", "Yoakke.Lexer.Sample\Yoakke.Lexer.Sample.csproj", "{F48F5B87-9918-48BF-A0DF-09D4B168E596}"
EndProject
Global
	GlobalSection(SolutionConfigurationPlatforms) = preSolution
		Debug|Any CPU = Debug|Any CPU
		Release|Any CPU = Release|Any CPU
	EndGlobalSection
	GlobalSection(ProjectConfigurationPlatforms) = postSolution
		{4896B9FB-A0F2-4886-850C-4943BC374EAF}.Debug|Any CPU.ActiveCfg = Debug|Any CPU
		{4896B9FB-A0F2-4886-850C-4943BC374EAF}.Debug|Any CPU.Build.0 = Debug|Any CPU
		{4896B9FB-A0F2-4886-850C-4943BC374EAF}.Release|Any CPU.ActiveCfg = Release|Any CPU
		{4896B9FB-A0F2-4886-850C-4943BC374EAF}.Release|Any CPU.Build.0 = Release|Any CPU
		{8251D600-353B-4CDA-853E-51ABCAF94735}.Debug|Any CPU.ActiveCfg = Debug|Any CPU
		{8251D600-353B-4CDA-853E-51ABCAF94735}.Debug|Any CPU.Build.0 = Debug|Any CPU
		{8251D600-353B-4CDA-853E-51ABCAF94735}.Release|Any CPU.ActiveCfg = Release|Any CPU
		{8251D600-353B-4CDA-853E-51ABCAF94735}.Release|Any CPU.Build.0 = Release|Any CPU
		{36D85E41-4CB1-4198-8248-05A30082F0F2}.Debug|Any CPU.ActiveCfg = Debug|Any CPU
		{36D85E41-4CB1-4198-8248-05A30082F0F2}.Debug|Any CPU.Build.0 = Debug|Any CPU
		{36D85E41-4CB1-4198-8248-05A30082F0F2}.Release|Any CPU.ActiveCfg = Release|Any CPU
		{36D85E41-4CB1-4198-8248-05A30082F0F2}.Release|Any CPU.Build.0 = Release|Any CPU
		{CB252735-C1B6-4F6E-8299-A552069FDBE6}.Debug|Any CPU.ActiveCfg = Debug|Any CPU
		{CB252735-C1B6-4F6E-8299-A552069FDBE6}.Debug|Any CPU.Build.0 = Debug|Any CPU
		{CB252735-C1B6-4F6E-8299-A552069FDBE6}.Release|Any CPU.ActiveCfg = Release|Any CPU
		{CB252735-C1B6-4F6E-8299-A552069FDBE6}.Release|Any CPU.Build.0 = Release|Any CPU
		{A76E877C-B326-4B66-A9CF-53515538773A}.Debug|Any CPU.ActiveCfg = Debug|Any CPU
		{A76E877C-B326-4B66-A9CF-53515538773A}.Debug|Any CPU.Build.0 = Debug|Any CPU
		{A76E877C-B326-4B66-A9CF-53515538773A}.Release|Any CPU.ActiveCfg = Release|Any CPU
		{A76E877C-B326-4B66-A9CF-53515538773A}.Release|Any CPU.Build.0 = Release|Any CPU
		{1B5BA09D-B866-4C63-A1B2-54FE7F409CCE}.Debug|Any CPU.ActiveCfg = Debug|Any CPU
		{1B5BA09D-B866-4C63-A1B2-54FE7F409CCE}.Debug|Any CPU.Build.0 = Debug|Any CPU
		{1B5BA09D-B866-4C63-A1B2-54FE7F409CCE}.Release|Any CPU.ActiveCfg = Release|Any CPU
		{1B5BA09D-B866-4C63-A1B2-54FE7F409CCE}.Release|Any CPU.Build.0 = Release|Any CPU
		{4E6DC779-3A18-4360-B289-02E68757F6EB}.Debug|Any CPU.ActiveCfg = Debug|Any CPU
		{4E6DC779-3A18-4360-B289-02E68757F6EB}.Debug|Any CPU.Build.0 = Debug|Any CPU
		{4E6DC779-3A18-4360-B289-02E68757F6EB}.Release|Any CPU.ActiveCfg = Release|Any CPU
		{4E6DC779-3A18-4360-B289-02E68757F6EB}.Release|Any CPU.Build.0 = Release|Any CPU
		{7E7BC74B-EB71-45F1-92B0-AA53F546EB18}.Debug|Any CPU.ActiveCfg = Debug|Any CPU
		{7E7BC74B-EB71-45F1-92B0-AA53F546EB18}.Debug|Any CPU.Build.0 = Debug|Any CPU
		{7E7BC74B-EB71-45F1-92B0-AA53F546EB18}.Release|Any CPU.ActiveCfg = Release|Any CPU
		{7E7BC74B-EB71-45F1-92B0-AA53F546EB18}.Release|Any CPU.Build.0 = Release|Any CPU
		{266FD9F8-E6E6-4D4D-A2C8-BA250E480E0E}.Debug|Any CPU.ActiveCfg = Debug|Any CPU
		{266FD9F8-E6E6-4D4D-A2C8-BA250E480E0E}.Debug|Any CPU.Build.0 = Debug|Any CPU
		{266FD9F8-E6E6-4D4D-A2C8-BA250E480E0E}.Release|Any CPU.ActiveCfg = Release|Any CPU
		{266FD9F8-E6E6-4D4D-A2C8-BA250E480E0E}.Release|Any CPU.Build.0 = Release|Any CPU
		{BEFA414D-D649-402A-8DD1-4F9A1F9558F2}.Debug|Any CPU.ActiveCfg = Debug|Any CPU
		{BEFA414D-D649-402A-8DD1-4F9A1F9558F2}.Debug|Any CPU.Build.0 = Debug|Any CPU
		{BEFA414D-D649-402A-8DD1-4F9A1F9558F2}.Release|Any CPU.ActiveCfg = Release|Any CPU
		{BEFA414D-D649-402A-8DD1-4F9A1F9558F2}.Release|Any CPU.Build.0 = Release|Any CPU
		{F48F5B87-9918-48BF-A0DF-09D4B168E596}.Debug|Any CPU.ActiveCfg = Debug|Any CPU
		{F48F5B87-9918-48BF-A0DF-09D4B168E596}.Debug|Any CPU.Build.0 = Debug|Any CPU
		{F48F5B87-9918-48BF-A0DF-09D4B168E596}.Release|Any CPU.ActiveCfg = Release|Any CPU
		{F48F5B87-9918-48BF-A0DF-09D4B168E596}.Release|Any CPU.Build.0 = Release|Any CPU
	EndGlobalSection
	GlobalSection(SolutionProperties) = preSolution
		HideSolutionNode = FALSE
	EndGlobalSection
	GlobalSection(ExtensibilityGlobals) = postSolution
		SolutionGuid = {1EDE8F07-AE3A-4556-AEF0-3AC518F18F92}
	EndGlobalSection
EndGlobal
