
Microsoft Visual Studio Solution File, Format Version 12.00
# Visual Studio Version 17
VisualStudioVersion = 17.0.31919.166
MinimumVisualStudioVersion = 10.0.40219.1
Project("{2150E333-8FDC-42A3-9474-1A3956D46DE8}") = "Solution Items", "Solution Items", "{BADE4D16-62B1-41F1-9BD7-31901BE84E33}"
	ProjectSection(SolutionItems) = preProject
		.editorconfig = .editorconfig
	EndProjectSection
EndProject
Project("{2150E333-8FDC-42A3-9474-1A3956D46DE8}") = "Props", "Props", "{60ED8207-3517-46AB-9231-A04B08DC65A2}"
	ProjectSection(SolutionItems) = preProject
		Props\Benchmark.Build.props = Props\Benchmark.Build.props
		Props\Example.Build.props = Props\Example.Build.props
		Props\Package.Build.props = Props\Package.Build.props
		Props\Shared.Build.props = Props\Shared.Build.props
		Props\SourceGenerator.Build.props = Props\SourceGenerator.Build.props
		Props\Test.Build.props = Props\Test.Build.props
	EndProjectSection
EndProject
Project("{9A19103F-16F7-4668-BE54-9A1E7A4F7556}") = "NugetMaintainer", "Tools\NugetMaintainer\NugetMaintainer.csproj", "{7BD28C2F-18D6-4C3A-9899-469775B001D8}"
EndProject
Project("{2150E333-8FDC-42A3-9474-1A3956D46DE8}") = "SynKit", "SynKit", "{807C54A7-C3E0-4F31-95A8-C9FD3F4D5660}"
EndProject
Project("{2150E333-8FDC-42A3-9474-1A3956D46DE8}") = "Shared", "Shared", "{1C8200FD-8802-4B19-89F9-3DFE2CC17C10}"
EndProject
Project("{2150E333-8FDC-42A3-9474-1A3956D46DE8}") = "Tools", "Tools", "{E864ECCA-FC82-4841-B8CA-E295ADB316D2}"
	ProjectSection(SolutionItems) = preProject
		Tools\Directory.Build.props = Tools\Directory.Build.props
	EndProjectSection
EndProject
Project("{2150E333-8FDC-42A3-9474-1A3956D46DE8}") = "Packages", "Packages", "{3743B1A5-DF69-4C44-8BC0-C967D0BB4AD6}"
	ProjectSection(SolutionItems) = preProject
		SynKit\Libraries\Directory.Build.props = SynKit\Libraries\Directory.Build.props
		SynKit\SourceGenerators\Directory.Build.props = SynKit\SourceGenerators\Directory.Build.props
	EndProjectSection
EndProject
Project("{2150E333-8FDC-42A3-9474-1A3956D46DE8}") = "Tests", "Tests", "{F51DEFFD-626F-4040-9227-A59BF67F4F53}"
	ProjectSection(SolutionItems) = preProject
		SynKit\Tests\Directory.Build.props = SynKit\Tests\Directory.Build.props
	EndProjectSection
EndProject
Project("{2150E333-8FDC-42A3-9474-1A3956D46DE8}") = "Examples", "Examples", "{55692E6E-198F-4699-B6D3-CBA49D22A2D3}"
	ProjectSection(SolutionItems) = preProject
		SynKit\Examples\Directory.Build.props = SynKit\Examples\Directory.Build.props
	EndProjectSection
EndProject
Project("{2150E333-8FDC-42A3-9474-1A3956D46DE8}") = "Benchmarks", "Benchmarks", "{CBE165AC-AE7D-4553-9BBC-5C82CB111E5F}"
	ProjectSection(SolutionItems) = preProject
		SynKit\Benchmarks\Directory.Build.props = SynKit\Benchmarks\Directory.Build.props
	EndProjectSection
EndProject
Project("{2150E333-8FDC-42A3-9474-1A3956D46DE8}") = "Benchmarks", "Benchmarks", "{CADE481F-020C-4D10-8F8C-CDEECA910FA9}"
	ProjectSection(SolutionItems) = preProject
		Shared\Benchmarks\Directory.Build.props = Shared\Benchmarks\Directory.Build.props
	EndProjectSection
EndProject
Project("{2150E333-8FDC-42A3-9474-1A3956D46DE8}") = "Packages", "Packages", "{49649892-FD91-4FB6-A74B-F817FBEB4DF4}"
	ProjectSection(SolutionItems) = preProject
		Shared\Libraries\Directory.Build.props = Shared\Libraries\Directory.Build.props
	EndProjectSection
EndProject
Project("{2150E333-8FDC-42A3-9474-1A3956D46DE8}") = "Tests", "Tests", "{2326A38C-2914-4D66-8B76-D2ACFD39C6EB}"
	ProjectSection(SolutionItems) = preProject
		Shared\Tests\Directory.Build.props = Shared\Tests\Directory.Build.props
	EndProjectSection
EndProject
Global
	GlobalSection(SolutionConfigurationPlatforms) = preSolution
		Debug|Any CPU = Debug|Any CPU
		Release|Any CPU = Release|Any CPU
	EndGlobalSection
	GlobalSection(ProjectConfigurationPlatforms) = postSolution
		{7BD28C2F-18D6-4C3A-9899-469775B001D8}.Debug|Any CPU.ActiveCfg = Debug|Any CPU
		{7BD28C2F-18D6-4C3A-9899-469775B001D8}.Debug|Any CPU.Build.0 = Debug|Any CPU
		{7BD28C2F-18D6-4C3A-9899-469775B001D8}.Release|Any CPU.ActiveCfg = Release|Any CPU
		{7BD28C2F-18D6-4C3A-9899-469775B001D8}.Release|Any CPU.Build.0 = Release|Any CPU
	EndGlobalSection
	GlobalSection(SolutionProperties) = preSolution
		HideSolutionNode = FALSE
	EndGlobalSection
	GlobalSection(NestedProjects) = preSolution
		{7BD28C2F-18D6-4C3A-9899-469775B001D8} = {E864ECCA-FC82-4841-B8CA-E295ADB316D2}
		{3743B1A5-DF69-4C44-8BC0-C967D0BB4AD6} = {807C54A7-C3E0-4F31-95A8-C9FD3F4D5660}
		{F51DEFFD-626F-4040-9227-A59BF67F4F53} = {807C54A7-C3E0-4F31-95A8-C9FD3F4D5660}
		{55692E6E-198F-4699-B6D3-CBA49D22A2D3} = {807C54A7-C3E0-4F31-95A8-C9FD3F4D5660}
		{CBE165AC-AE7D-4553-9BBC-5C82CB111E5F} = {807C54A7-C3E0-4F31-95A8-C9FD3F4D5660}
		{CADE481F-020C-4D10-8F8C-CDEECA910FA9} = {1C8200FD-8802-4B19-89F9-3DFE2CC17C10}
		{49649892-FD91-4FB6-A74B-F817FBEB4DF4} = {1C8200FD-8802-4B19-89F9-3DFE2CC17C10}
		{2326A38C-2914-4D66-8B76-D2ACFD39C6EB} = {1C8200FD-8802-4B19-89F9-3DFE2CC17C10}
	EndGlobalSection
	GlobalSection(ExtensibilityGlobals) = postSolution
		SolutionGuid = {1EDE8F07-AE3A-4556-AEF0-3AC518F18F92}
	EndGlobalSection
EndGlobal
