
Microsoft Visual Studio Solution File, Format Version 12.00
# Visual Studio Version 17
VisualStudioVersion = 17.0.31919.166
MinimumVisualStudioVersion = 10.0.40219.1
Project("{9A19103F-16F7-4668-BE54-9A1E7A4F7556}") = "Lexer", "SynKit\Libraries\Lexer\Lexer.csproj", "{36D85E41-4CB1-4198-8248-05A30082F0F2}"
EndProject
Project("{9A19103F-16F7-4668-BE54-9A1E7A4F7556}") = "Lexer.Generator", "SynKit\Libraries\Lexer.Generator\Lexer.Generator.csproj", "{CB252735-C1B6-4F6E-8299-A552069FDBE6}"
EndProject
Project("{9A19103F-16F7-4668-BE54-9A1E7A4F7556}") = "Lexer.Tests", "SynKit\Tests\Lexer.Tests\Lexer.Tests.csproj", "{A76E877C-B326-4B66-A9CF-53515538773A}"
EndProject
Project("{9A19103F-16F7-4668-BE54-9A1E7A4F7556}") = "Text", "SynKit\Libraries\Text\Text.csproj", "{1B5BA09D-B866-4C63-A1B2-54FE7F409CCE}"
EndProject
Project("{9A19103F-16F7-4668-BE54-9A1E7A4F7556}") = "Parser", "SynKit\Libraries\Parser\Parser.csproj", "{4E6DC779-3A18-4360-B289-02E68757F6EB}"
EndProject
Project("{9A19103F-16F7-4668-BE54-9A1E7A4F7556}") = "Parser.Generator", "SynKit\Libraries\Parser.Generator\Parser.Generator.csproj", "{7E7BC74B-EB71-45F1-92B0-AA53F546EB18}"
EndProject
Project("{9A19103F-16F7-4668-BE54-9A1E7A4F7556}") = "Parser.Tests", "SynKit\Tests\Parser.Tests\Parser.Tests.csproj", "{266FD9F8-E6E6-4D4D-A2C8-BA250E480E0E}"
EndProject
Project("{9A19103F-16F7-4668-BE54-9A1E7A4F7556}") = "SourceGenerator.Common", "Shared\Libraries\SourceGenerator.Common\SourceGenerator.Common.csproj", "{BEFA414D-D649-402A-8DD1-4F9A1F9558F2}"
EndProject
Project("{9A19103F-16F7-4668-BE54-9A1E7A4F7556}") = "Lexer.Sample", "SynKit\Examples\Lexer.Sample\Lexer.Sample.csproj", "{F48F5B87-9918-48BF-A0DF-09D4B168E596}"
EndProject
Project("{9A19103F-16F7-4668-BE54-9A1E7A4F7556}") = "Parser.Sample", "SynKit\Examples\Parser.Sample\Parser.Sample.csproj", "{CE858304-DC1C-4A7B-AD49-81E8F3CB6F7D}"
EndProject
Project("{9A19103F-16F7-4668-BE54-9A1E7A4F7556}") = "Reporting", "SynKit\Libraries\Reporting\Reporting.csproj", "{4B505051-7CE0-4264-B0F4-C5F0ADE14AB4}"
EndProject
Project("{9A19103F-16F7-4668-BE54-9A1E7A4F7556}") = "Reporting.Tests", "SynKit\Tests\Reporting.Tests\Reporting.Tests.csproj", "{0E8166B6-8855-4B9B-B4D9-95C1890D850B}"
EndProject
Project("{9A19103F-16F7-4668-BE54-9A1E7A4F7556}") = "Reporting.Sample", "SynKit\Examples\Reporting.Sample\Reporting.Sample.csproj", "{094A2608-9A68-45D2-B2CF-1BBCEE88086A}"
EndProject
Project("{9A19103F-16F7-4668-BE54-9A1E7A4F7556}") = "Text.Tests", "SynKit\Tests\Text.Tests\Text.Tests.csproj", "{6702EF78-791C-42B5-9775-A39966009150}"
EndProject
Project("{2150E333-8FDC-42A3-9474-1A3956D46DE8}") = "Solution Items", "Solution Items", "{BADE4D16-62B1-41F1-9BD7-31901BE84E33}"
	ProjectSection(SolutionItems) = preProject
		.editorconfig = .editorconfig
	EndProjectSection
EndProject
Project("{2150E333-8FDC-42A3-9474-1A3956D46DE8}") = "Props", "Props", "{60ED8207-3517-46AB-9231-A04B08DC65A2}"
	ProjectSection(SolutionItems) = preProject
		Props\Benchmark.Build.props = Props\Benchmark.Build.props
		Props\Example.Build.props = Props\Example.Build.props
		Props\Package.Build.props = Props\Package.Build.props
		Props\Shared.Build.props = Props\Shared.Build.props
		Props\SourceGenerator.Build.props = Props\SourceGenerator.Build.props
		Props\Test.Build.props = Props\Test.Build.props
	EndProjectSection
EndProject
Project("{9A19103F-16F7-4668-BE54-9A1E7A4F7556}") = "C.Syntax", "SynKit\Libraries\C.Syntax\C.Syntax.csproj", "{4A9A90B2-FA50-44D9-9B91-88B0638A7286}"
EndProject
Project("{9A19103F-16F7-4668-BE54-9A1E7A4F7556}") = "C.Syntax.Tests", "SynKit\Tests\C.Syntax.Tests\C.Syntax.Tests.csproj", "{74634FE8-0D46-46ED-B32D-AF78DAEE305C}"
EndProject
Project("{9A19103F-16F7-4668-BE54-9A1E7A4F7556}") = "C.Syntax.Sample", "SynKit\Examples\C.Syntax.Sample\C.Syntax.Sample.csproj", "{2FDE8C48-D2FB-4B0C-8ADF-EAB8EE7C591D}"
EndProject
Project("{9A19103F-16F7-4668-BE54-9A1E7A4F7556}") = "Collections", "Shared\Libraries\Collections\Collections.csproj", "{F831F2D0-4BDC-4A30-A064-F31A9B5B3F1B}"
EndProject
Project("{9A19103F-16F7-4668-BE54-9A1E7A4F7556}") = "Collections.Tests", "Shared\Tests\Collections.Tests\Collections.Tests.csproj", "{4DA71BF1-D45F-4ADE-8088-A01BD4BD412A}"
EndProject
Project("{9A19103F-16F7-4668-BE54-9A1E7A4F7556}") = "NugetMaintainer", "Tools\NugetMaintainer\NugetMaintainer.csproj", "{7BD28C2F-18D6-4C3A-9899-469775B001D8}"
EndProject
Project("{9A19103F-16F7-4668-BE54-9A1E7A4F7556}") = "Polyfill", "Shared\Libraries\Polyfill\Polyfill.csproj", "{94CBD997-6394-4BA3-9AF2-0C2C139E1967}"
EndProject
Project("{9A19103F-16F7-4668-BE54-9A1E7A4F7556}") = "Streams", "Shared\Libraries\Streams\Streams.csproj", "{26EB1772-19EC-4B9B-93BD-34BB18262E7F}"
EndProject
Project("{9A19103F-16F7-4668-BE54-9A1E7A4F7556}") = "Streams.Tests", "Shared\Tests\Streams.Tests\Streams.Tests.csproj", "{1764F8E3-A554-4BA9-8025-A13F78B2F22E}"
EndProject
Project("{9A19103F-16F7-4668-BE54-9A1E7A4F7556}") = "Automata", "SynKit\Libraries\Automata\Automata.csproj", "{B266A2BE-86F1-48C2-86C6-83C1D03C5E52}"
EndProject
Project("{9A19103F-16F7-4668-BE54-9A1E7A4F7556}") = "Automata.Sample", "SynKit\Examples\Automata.Sample\Automata.Sample.csproj", "{6E3AC657-9BDE-4C4A-AB35-27C1909C31D5}"
EndProject
Project("{9A19103F-16F7-4668-BE54-9A1E7A4F7556}") = "Automata.Tests", "SynKit\Tests\Automata.Tests\Automata.Tests.csproj", "{CCD5F778-B722-414A-A376-B99E0734C3C7}"
EndProject
Project("{2150E333-8FDC-42A3-9474-1A3956D46DE8}") = "SynKit", "SynKit", "{807C54A7-C3E0-4F31-95A8-C9FD3F4D5660}"
EndProject
Project("{2150E333-8FDC-42A3-9474-1A3956D46DE8}") = "Shared", "Shared", "{1C8200FD-8802-4B19-89F9-3DFE2CC17C10}"
EndProject
Project("{2150E333-8FDC-42A3-9474-1A3956D46DE8}") = "Tools", "Tools", "{E864ECCA-FC82-4841-B8CA-E295ADB316D2}"
EndProject
Project("{2150E333-8FDC-42A3-9474-1A3956D46DE8}") = "Internal", "Internal", "{3111DDED-28E3-4DE3-9185-89D1D83C428D}"
EndProject
Project("{2150E333-8FDC-42A3-9474-1A3956D46DE8}") = "Packages", "Packages", "{3743B1A5-DF69-4C44-8BC0-C967D0BB4AD6}"
EndProject
Project("{2150E333-8FDC-42A3-9474-1A3956D46DE8}") = "Tests", "Tests", "{F51DEFFD-626F-4040-9227-A59BF67F4F53}"
EndProject
Project("{2150E333-8FDC-42A3-9474-1A3956D46DE8}") = "Examples", "Examples", "{55692E6E-198F-4699-B6D3-CBA49D22A2D3}"
EndProject
Global
	GlobalSection(SolutionConfigurationPlatforms) = preSolution
		Debug|Any CPU = Debug|Any CPU
		Release|Any CPU = Release|Any CPU
	EndGlobalSection
	GlobalSection(ProjectConfigurationPlatforms) = postSolution
		{36D85E41-4CB1-4198-8248-05A30082F0F2}.Debug|Any CPU.ActiveCfg = Debug|Any CPU
		{36D85E41-4CB1-4198-8248-05A30082F0F2}.Debug|Any CPU.Build.0 = Debug|Any CPU
		{36D85E41-4CB1-4198-8248-05A30082F0F2}.Release|Any CPU.ActiveCfg = Release|Any CPU
		{36D85E41-4CB1-4198-8248-05A30082F0F2}.Release|Any CPU.Build.0 = Release|Any CPU
		{CB252735-C1B6-4F6E-8299-A552069FDBE6}.Debug|Any CPU.ActiveCfg = Debug|Any CPU
		{CB252735-C1B6-4F6E-8299-A552069FDBE6}.Debug|Any CPU.Build.0 = Debug|Any CPU
		{CB252735-C1B6-4F6E-8299-A552069FDBE6}.Release|Any CPU.ActiveCfg = Release|Any CPU
		{CB252735-C1B6-4F6E-8299-A552069FDBE6}.Release|Any CPU.Build.0 = Release|Any CPU
		{A76E877C-B326-4B66-A9CF-53515538773A}.Debug|Any CPU.ActiveCfg = Debug|Any CPU
		{A76E877C-B326-4B66-A9CF-53515538773A}.Debug|Any CPU.Build.0 = Debug|Any CPU
		{A76E877C-B326-4B66-A9CF-53515538773A}.Release|Any CPU.ActiveCfg = Release|Any CPU
		{A76E877C-B326-4B66-A9CF-53515538773A}.Release|Any CPU.Build.0 = Release|Any CPU
		{1B5BA09D-B866-4C63-A1B2-54FE7F409CCE}.Debug|Any CPU.ActiveCfg = Debug|Any CPU
		{1B5BA09D-B866-4C63-A1B2-54FE7F409CCE}.Debug|Any CPU.Build.0 = Debug|Any CPU
		{1B5BA09D-B866-4C63-A1B2-54FE7F409CCE}.Release|Any CPU.ActiveCfg = Release|Any CPU
		{1B5BA09D-B866-4C63-A1B2-54FE7F409CCE}.Release|Any CPU.Build.0 = Release|Any CPU
		{4E6DC779-3A18-4360-B289-02E68757F6EB}.Debug|Any CPU.ActiveCfg = Debug|Any CPU
		{4E6DC779-3A18-4360-B289-02E68757F6EB}.Debug|Any CPU.Build.0 = Debug|Any CPU
		{4E6DC779-3A18-4360-B289-02E68757F6EB}.Release|Any CPU.ActiveCfg = Release|Any CPU
		{4E6DC779-3A18-4360-B289-02E68757F6EB}.Release|Any CPU.Build.0 = Release|Any CPU
		{7E7BC74B-EB71-45F1-92B0-AA53F546EB18}.Debug|Any CPU.ActiveCfg = Debug|Any CPU
		{7E7BC74B-EB71-45F1-92B0-AA53F546EB18}.Debug|Any CPU.Build.0 = Debug|Any CPU
		{7E7BC74B-EB71-45F1-92B0-AA53F546EB18}.Release|Any CPU.ActiveCfg = Release|Any CPU
		{7E7BC74B-EB71-45F1-92B0-AA53F546EB18}.Release|Any CPU.Build.0 = Release|Any CPU
		{266FD9F8-E6E6-4D4D-A2C8-BA250E480E0E}.Debug|Any CPU.ActiveCfg = Debug|Any CPU
		{266FD9F8-E6E6-4D4D-A2C8-BA250E480E0E}.Debug|Any CPU.Build.0 = Debug|Any CPU
		{266FD9F8-E6E6-4D4D-A2C8-BA250E480E0E}.Release|Any CPU.ActiveCfg = Release|Any CPU
		{266FD9F8-E6E6-4D4D-A2C8-BA250E480E0E}.Release|Any CPU.Build.0 = Release|Any CPU
		{BEFA414D-D649-402A-8DD1-4F9A1F9558F2}.Debug|Any CPU.ActiveCfg = Debug|Any CPU
		{BEFA414D-D649-402A-8DD1-4F9A1F9558F2}.Debug|Any CPU.Build.0 = Debug|Any CPU
		{BEFA414D-D649-402A-8DD1-4F9A1F9558F2}.Release|Any CPU.ActiveCfg = Release|Any CPU
		{BEFA414D-D649-402A-8DD1-4F9A1F9558F2}.Release|Any CPU.Build.0 = Release|Any CPU
		{F48F5B87-9918-48BF-A0DF-09D4B168E596}.Debug|Any CPU.ActiveCfg = Debug|Any CPU
		{F48F5B87-9918-48BF-A0DF-09D4B168E596}.Debug|Any CPU.Build.0 = Debug|Any CPU
		{F48F5B87-9918-48BF-A0DF-09D4B168E596}.Release|Any CPU.ActiveCfg = Release|Any CPU
		{F48F5B87-9918-48BF-A0DF-09D4B168E596}.Release|Any CPU.Build.0 = Release|Any CPU
		{CE858304-DC1C-4A7B-AD49-81E8F3CB6F7D}.Debug|Any CPU.ActiveCfg = Debug|Any CPU
		{CE858304-DC1C-4A7B-AD49-81E8F3CB6F7D}.Debug|Any CPU.Build.0 = Debug|Any CPU
		{CE858304-DC1C-4A7B-AD49-81E8F3CB6F7D}.Release|Any CPU.ActiveCfg = Release|Any CPU
		{CE858304-DC1C-4A7B-AD49-81E8F3CB6F7D}.Release|Any CPU.Build.0 = Release|Any CPU
		{4B505051-7CE0-4264-B0F4-C5F0ADE14AB4}.Debug|Any CPU.ActiveCfg = Debug|Any CPU
		{4B505051-7CE0-4264-B0F4-C5F0ADE14AB4}.Debug|Any CPU.Build.0 = Debug|Any CPU
		{4B505051-7CE0-4264-B0F4-C5F0ADE14AB4}.Release|Any CPU.ActiveCfg = Release|Any CPU
		{4B505051-7CE0-4264-B0F4-C5F0ADE14AB4}.Release|Any CPU.Build.0 = Release|Any CPU
		{0E8166B6-8855-4B9B-B4D9-95C1890D850B}.Debug|Any CPU.ActiveCfg = Debug|Any CPU
		{0E8166B6-8855-4B9B-B4D9-95C1890D850B}.Debug|Any CPU.Build.0 = Debug|Any CPU
		{0E8166B6-8855-4B9B-B4D9-95C1890D850B}.Release|Any CPU.ActiveCfg = Release|Any CPU
		{0E8166B6-8855-4B9B-B4D9-95C1890D850B}.Release|Any CPU.Build.0 = Release|Any CPU
		{094A2608-9A68-45D2-B2CF-1BBCEE88086A}.Debug|Any CPU.ActiveCfg = Debug|Any CPU
		{094A2608-9A68-45D2-B2CF-1BBCEE88086A}.Debug|Any CPU.Build.0 = Debug|Any CPU
		{094A2608-9A68-45D2-B2CF-1BBCEE88086A}.Release|Any CPU.ActiveCfg = Release|Any CPU
		{094A2608-9A68-45D2-B2CF-1BBCEE88086A}.Release|Any CPU.Build.0 = Release|Any CPU
		{6702EF78-791C-42B5-9775-A39966009150}.Debug|Any CPU.ActiveCfg = Debug|Any CPU
		{6702EF78-791C-42B5-9775-A39966009150}.Debug|Any CPU.Build.0 = Debug|Any CPU
		{6702EF78-791C-42B5-9775-A39966009150}.Release|Any CPU.ActiveCfg = Release|Any CPU
		{6702EF78-791C-42B5-9775-A39966009150}.Release|Any CPU.Build.0 = Release|Any CPU
		{4A9A90B2-FA50-44D9-9B91-88B0638A7286}.Debug|Any CPU.ActiveCfg = Debug|Any CPU
		{4A9A90B2-FA50-44D9-9B91-88B0638A7286}.Debug|Any CPU.Build.0 = Debug|Any CPU
		{4A9A90B2-FA50-44D9-9B91-88B0638A7286}.Release|Any CPU.ActiveCfg = Release|Any CPU
		{4A9A90B2-FA50-44D9-9B91-88B0638A7286}.Release|Any CPU.Build.0 = Release|Any CPU
		{74634FE8-0D46-46ED-B32D-AF78DAEE305C}.Debug|Any CPU.ActiveCfg = Debug|Any CPU
		{74634FE8-0D46-46ED-B32D-AF78DAEE305C}.Debug|Any CPU.Build.0 = Debug|Any CPU
		{74634FE8-0D46-46ED-B32D-AF78DAEE305C}.Release|Any CPU.ActiveCfg = Release|Any CPU
		{74634FE8-0D46-46ED-B32D-AF78DAEE305C}.Release|Any CPU.Build.0 = Release|Any CPU
		{2FDE8C48-D2FB-4B0C-8ADF-EAB8EE7C591D}.Debug|Any CPU.ActiveCfg = Debug|Any CPU
		{2FDE8C48-D2FB-4B0C-8ADF-EAB8EE7C591D}.Debug|Any CPU.Build.0 = Debug|Any CPU
		{2FDE8C48-D2FB-4B0C-8ADF-EAB8EE7C591D}.Release|Any CPU.ActiveCfg = Release|Any CPU
		{2FDE8C48-D2FB-4B0C-8ADF-EAB8EE7C591D}.Release|Any CPU.Build.0 = Release|Any CPU
		{F831F2D0-4BDC-4A30-A064-F31A9B5B3F1B}.Debug|Any CPU.ActiveCfg = Debug|Any CPU
		{F831F2D0-4BDC-4A30-A064-F31A9B5B3F1B}.Debug|Any CPU.Build.0 = Debug|Any CPU
		{F831F2D0-4BDC-4A30-A064-F31A9B5B3F1B}.Release|Any CPU.ActiveCfg = Release|Any CPU
		{F831F2D0-4BDC-4A30-A064-F31A9B5B3F1B}.Release|Any CPU.Build.0 = Release|Any CPU
		{4DA71BF1-D45F-4ADE-8088-A01BD4BD412A}.Debug|Any CPU.ActiveCfg = Debug|Any CPU
		{4DA71BF1-D45F-4ADE-8088-A01BD4BD412A}.Debug|Any CPU.Build.0 = Debug|Any CPU
		{4DA71BF1-D45F-4ADE-8088-A01BD4BD412A}.Release|Any CPU.ActiveCfg = Release|Any CPU
		{4DA71BF1-D45F-4ADE-8088-A01BD4BD412A}.Release|Any CPU.Build.0 = Release|Any CPU
		{7BD28C2F-18D6-4C3A-9899-469775B001D8}.Debug|Any CPU.ActiveCfg = Debug|Any CPU
		{7BD28C2F-18D6-4C3A-9899-469775B001D8}.Debug|Any CPU.Build.0 = Debug|Any CPU
		{7BD28C2F-18D6-4C3A-9899-469775B001D8}.Release|Any CPU.ActiveCfg = Release|Any CPU
		{7BD28C2F-18D6-4C3A-9899-469775B001D8}.Release|Any CPU.Build.0 = Release|Any CPU
		{94CBD997-6394-4BA3-9AF2-0C2C139E1967}.Debug|Any CPU.ActiveCfg = Debug|Any CPU
		{94CBD997-6394-4BA3-9AF2-0C2C139E1967}.Debug|Any CPU.Build.0 = Debug|Any CPU
		{94CBD997-6394-4BA3-9AF2-0C2C139E1967}.Release|Any CPU.ActiveCfg = Release|Any CPU
		{94CBD997-6394-4BA3-9AF2-0C2C139E1967}.Release|Any CPU.Build.0 = Release|Any CPU
		{26EB1772-19EC-4B9B-93BD-34BB18262E7F}.Debug|Any CPU.ActiveCfg = Debug|Any CPU
		{26EB1772-19EC-4B9B-93BD-34BB18262E7F}.Debug|Any CPU.Build.0 = Debug|Any CPU
		{26EB1772-19EC-4B9B-93BD-34BB18262E7F}.Release|Any CPU.ActiveCfg = Release|Any CPU
		{26EB1772-19EC-4B9B-93BD-34BB18262E7F}.Release|Any CPU.Build.0 = Release|Any CPU
		{1764F8E3-A554-4BA9-8025-A13F78B2F22E}.Debug|Any CPU.ActiveCfg = Debug|Any CPU
		{1764F8E3-A554-4BA9-8025-A13F78B2F22E}.Debug|Any CPU.Build.0 = Debug|Any CPU
		{1764F8E3-A554-4BA9-8025-A13F78B2F22E}.Release|Any CPU.ActiveCfg = Release|Any CPU
		{1764F8E3-A554-4BA9-8025-A13F78B2F22E}.Release|Any CPU.Build.0 = Release|Any CPU
		{B266A2BE-86F1-48C2-86C6-83C1D03C5E52}.Debug|Any CPU.ActiveCfg = Debug|Any CPU
		{B266A2BE-86F1-48C2-86C6-83C1D03C5E52}.Debug|Any CPU.Build.0 = Debug|Any CPU
		{B266A2BE-86F1-48C2-86C6-83C1D03C5E52}.Release|Any CPU.ActiveCfg = Release|Any CPU
		{B266A2BE-86F1-48C2-86C6-83C1D03C5E52}.Release|Any CPU.Build.0 = Release|Any CPU
		{6E3AC657-9BDE-4C4A-AB35-27C1909C31D5}.Debug|Any CPU.ActiveCfg = Debug|Any CPU
		{6E3AC657-9BDE-4C4A-AB35-27C1909C31D5}.Debug|Any CPU.Build.0 = Debug|Any CPU
		{6E3AC657-9BDE-4C4A-AB35-27C1909C31D5}.Release|Any CPU.ActiveCfg = Release|Any CPU
		{6E3AC657-9BDE-4C4A-AB35-27C1909C31D5}.Release|Any CPU.Build.0 = Release|Any CPU
		{CCD5F778-B722-414A-A376-B99E0734C3C7}.Debug|Any CPU.ActiveCfg = Debug|Any CPU
		{CCD5F778-B722-414A-A376-B99E0734C3C7}.Debug|Any CPU.Build.0 = Debug|Any CPU
		{CCD5F778-B722-414A-A376-B99E0734C3C7}.Release|Any CPU.ActiveCfg = Release|Any CPU
		{CCD5F778-B722-414A-A376-B99E0734C3C7}.Release|Any CPU.Build.0 = Release|Any CPU
	EndGlobalSection
	GlobalSection(SolutionProperties) = preSolution
		HideSolutionNode = FALSE
	EndGlobalSection
	GlobalSection(NestedProjects) = preSolution
		{36D85E41-4CB1-4198-8248-05A30082F0F2} = {3743B1A5-DF69-4C44-8BC0-C967D0BB4AD6}
		{CB252735-C1B6-4F6E-8299-A552069FDBE6} = {3743B1A5-DF69-4C44-8BC0-C967D0BB4AD6}
		{A76E877C-B326-4B66-A9CF-53515538773A} = {F51DEFFD-626F-4040-9227-A59BF67F4F53}
		{1B5BA09D-B866-4C63-A1B2-54FE7F409CCE} = {3743B1A5-DF69-4C44-8BC0-C967D0BB4AD6}
		{4E6DC779-3A18-4360-B289-02E68757F6EB} = {3743B1A5-DF69-4C44-8BC0-C967D0BB4AD6}
		{7E7BC74B-EB71-45F1-92B0-AA53F546EB18} = {3743B1A5-DF69-4C44-8BC0-C967D0BB4AD6}
		{266FD9F8-E6E6-4D4D-A2C8-BA250E480E0E} = {F51DEFFD-626F-4040-9227-A59BF67F4F53}
		{BEFA414D-D649-402A-8DD1-4F9A1F9558F2} = {3111DDED-28E3-4DE3-9185-89D1D83C428D}
		{F48F5B87-9918-48BF-A0DF-09D4B168E596} = {55692E6E-198F-4699-B6D3-CBA49D22A2D3}
		{CE858304-DC1C-4A7B-AD49-81E8F3CB6F7D} = {55692E6E-198F-4699-B6D3-CBA49D22A2D3}
		{4B505051-7CE0-4264-B0F4-C5F0ADE14AB4} = {3743B1A5-DF69-4C44-8BC0-C967D0BB4AD6}
		{0E8166B6-8855-4B9B-B4D9-95C1890D850B} = {F51DEFFD-626F-4040-9227-A59BF67F4F53}
		{094A2608-9A68-45D2-B2CF-1BBCEE88086A} = {55692E6E-198F-4699-B6D3-CBA49D22A2D3}
		{6702EF78-791C-42B5-9775-A39966009150} = {F51DEFFD-626F-4040-9227-A59BF67F4F53}
		{4A9A90B2-FA50-44D9-9B91-88B0638A7286} = {3743B1A5-DF69-4C44-8BC0-C967D0BB4AD6}
		{74634FE8-0D46-46ED-B32D-AF78DAEE305C} = {F51DEFFD-626F-4040-9227-A59BF67F4F53}
		{2FDE8C48-D2FB-4B0C-8ADF-EAB8EE7C591D} = {55692E6E-198F-4699-B6D3-CBA49D22A2D3}
		{F831F2D0-4BDC-4A30-A064-F31A9B5B3F1B} = {3111DDED-28E3-4DE3-9185-89D1D83C428D}
		{4DA71BF1-D45F-4ADE-8088-A01BD4BD412A} = {3111DDED-28E3-4DE3-9185-89D1D83C428D}
		{7BD28C2F-18D6-4C3A-9899-469775B001D8} = {E864ECCA-FC82-4841-B8CA-E295ADB316D2}
		{94CBD997-6394-4BA3-9AF2-0C2C139E1967} = {3111DDED-28E3-4DE3-9185-89D1D83C428D}
		{26EB1772-19EC-4B9B-93BD-34BB18262E7F} = {1C8200FD-8802-4B19-89F9-3DFE2CC17C10}
		{1764F8E3-A554-4BA9-8025-A13F78B2F22E} = {1C8200FD-8802-4B19-89F9-3DFE2CC17C10}
		{B266A2BE-86F1-48C2-86C6-83C1D03C5E52} = {3743B1A5-DF69-4C44-8BC0-C967D0BB4AD6}
		{6E3AC657-9BDE-4C4A-AB35-27C1909C31D5} = {55692E6E-198F-4699-B6D3-CBA49D22A2D3}
		{CCD5F778-B722-414A-A376-B99E0734C3C7} = {F51DEFFD-626F-4040-9227-A59BF67F4F53}
		{3743B1A5-DF69-4C44-8BC0-C967D0BB4AD6} = {807C54A7-C3E0-4F31-95A8-C9FD3F4D5660}
		{F51DEFFD-626F-4040-9227-A59BF67F4F53} = {807C54A7-C3E0-4F31-95A8-C9FD3F4D5660}
		{55692E6E-198F-4699-B6D3-CBA49D22A2D3} = {807C54A7-C3E0-4F31-95A8-C9FD3F4D5660}
	EndGlobalSection
	GlobalSection(ExtensibilityGlobals) = postSolution
		SolutionGuid = {1EDE8F07-AE3A-4556-AEF0-3AC518F18F92}
	EndGlobalSection
EndGlobal
